// !$*UTF8*$!
{
	archiveVersion = 1;
	classes = {
	};
	objectVersion = 46;
	objects = {

/* Begin PBXBuildFile section */
		0467EC7C1CDB2C0F00960D6E /* AppDelegate.swift in Sources */ = {isa = PBXBuildFile; fileRef = 0467EC7B1CDB2C0F00960D6E /* AppDelegate.swift */; };
		0467EC7E1CDB2C0F00960D6E /* ViewController.swift in Sources */ = {isa = PBXBuildFile; fileRef = 0467EC7D1CDB2C0F00960D6E /* ViewController.swift */; };
		0467EC811CDB2C0F00960D6E /* Main.storyboard in Resources */ = {isa = PBXBuildFile; fileRef = 0467EC7F1CDB2C0F00960D6E /* Main.storyboard */; };
		0467EC831CDB2C0F00960D6E /* Assets.xcassets in Resources */ = {isa = PBXBuildFile; fileRef = 0467EC821CDB2C0F00960D6E /* Assets.xcassets */; };
		0467EC861CDB2C0F00960D6E /* LaunchScreen.storyboard in Resources */ = {isa = PBXBuildFile; fileRef = 0467EC841CDB2C0F00960D6E /* LaunchScreen.storyboard */; };
		0467EC8E1CDB4BAC00960D6E /* MRT.json in Resources */ = {isa = PBXBuildFile; fileRef = 0467EC8D1CDB4BAC00960D6E /* MRT.json */; };
		4997D8535F49777D4E73DC08 /* Pods_MRTStation.framework in Frameworks */ = {isa = PBXBuildFile; fileRef = 0C4B2B2448BB01A42BF6FB8C /* Pods_MRTStation.framework */; };
/* End PBXBuildFile section */

/* Begin PBXFileReference section */
		0467EC781CDB2C0F00960D6E /* MRTStation.app */ = {isa = PBXFileReference; explicitFileType = wrapper.application; includeInIndex = 0; path = MRTStation.app; sourceTree = BUILT_PRODUCTS_DIR; };
		0467EC7B1CDB2C0F00960D6E /* AppDelegate.swift */ = {isa = PBXFileReference; lastKnownFileType = sourcecode.swift; path = AppDelegate.swift; sourceTree = "<group>"; };
		0467EC7D1CDB2C0F00960D6E /* ViewController.swift */ = {isa = PBXFileReference; lastKnownFileType = sourcecode.swift; path = ViewController.swift; sourceTree = "<group>"; };
		0467EC801CDB2C0F00960D6E /* Base */ = {isa = PBXFileReference; lastKnownFileType = file.storyboard; name = Base; path = Base.lproj/Main.storyboard; sourceTree = "<group>"; };
		0467EC821CDB2C0F00960D6E /* Assets.xcassets */ = {isa = PBXFileReference; lastKnownFileType = folder.assetcatalog; path = Assets.xcassets; sourceTree = "<group>"; };
		0467EC851CDB2C0F00960D6E /* Base */ = {isa = PBXFileReference; lastKnownFileType = file.storyboard; name = Base; path = Base.lproj/LaunchScreen.storyboard; sourceTree = "<group>"; };
		0467EC871CDB2C0F00960D6E /* Info.plist */ = {isa = PBXFileReference; lastKnownFileType = text.plist.xml; path = Info.plist; sourceTree = "<group>"; };
		0467EC8D1CDB4BAC00960D6E /* MRT.json */ = {isa = PBXFileReference; fileEncoding = 4; lastKnownFileType = text.json; path = MRT.json; sourceTree = "<group>"; };
		0C4B2B2448BB01A42BF6FB8C /* Pods_MRTStation.framework */ = {isa = PBXFileReference; explicitFileType = wrapper.framework; includeInIndex = 0; path = Pods_MRTStation.framework; sourceTree = BUILT_PRODUCTS_DIR; };
		255E656FE335FC4F25BAEE4B /* Pods-MRTStation.debug.xcconfig */ = {isa = PBXFileReference; includeInIndex = 1; lastKnownFileType = text.xcconfig; name = "Pods-MRTStation.debug.xcconfig"; path = "Pods/Target Support Files/Pods-MRTStation/Pods-MRTStation.debug.xcconfig"; sourceTree = "<group>"; };
		9D5758636518F9413945C56D /* Pods-MRTStation.release.xcconfig */ = {isa = PBXFileReference; includeInIndex = 1; lastKnownFileType = text.xcconfig; name = "Pods-MRTStation.release.xcconfig"; path = "Pods/Target Support Files/Pods-MRTStation/Pods-MRTStation.release.xcconfig"; sourceTree = "<group>"; };
/* End PBXFileReference section */

/* Begin PBXFrameworksBuildPhase section */
		0467EC751CDB2C0F00960D6E /* Frameworks */ = {
			isa = PBXFrameworksBuildPhase;
			buildActionMask = 2147483647;
			files = (
				4997D8535F49777D4E73DC08 /* Pods_MRTStation.framework in Frameworks */,
			);
			runOnlyForDeploymentPostprocessing = 0;
		};
/* End PBXFrameworksBuildPhase section */

/* Begin PBXGroup section */
		0467EC6F1CDB2C0F00960D6E = {
			isa = PBXGroup;
			children = (
				0467EC8D1CDB4BAC00960D6E /* MRT.json */,
				0467EC7A1CDB2C0F00960D6E /* MRTStation */,
				0467EC791CDB2C0F00960D6E /* Products */,
				D17F9F39A93250D66078CACC /* Pods */,
				47B31D97E3B21AF4CBBFBCD1 /* Frameworks */,
			);
			sourceTree = "<group>";
		};
		0467EC791CDB2C0F00960D6E /* Products */ = {
			isa = PBXGroup;
			children = (
				0467EC781CDB2C0F00960D6E /* MRTStation.app */,
			);
			name = Products;
			sourceTree = "<group>";
		};
		0467EC7A1CDB2C0F00960D6E /* MRTStation */ = {
			isa = PBXGroup;
			children = (
				0467EC7B1CDB2C0F00960D6E /* AppDelegate.swift */,
				0467EC7D1CDB2C0F00960D6E /* ViewController.swift */,
				0467EC7F1CDB2C0F00960D6E /* Main.storyboard */,
				0467EC821CDB2C0F00960D6E /* Assets.xcassets */,
				0467EC841CDB2C0F00960D6E /* LaunchScreen.storyboard */,
				0467EC871CDB2C0F00960D6E /* Info.plist */,
			);
			path = MRTStation;
			sourceTree = "<group>";
		};
		47B31D97E3B21AF4CBBFBCD1 /* Frameworks */ = {
			isa = PBXGroup;
			children = (
				0C4B2B2448BB01A42BF6FB8C /* Pods_MRTStation.framework */,
			);
			name = Frameworks;
			sourceTree = "<group>";
		};
		D17F9F39A93250D66078CACC /* Pods */ = {
			isa = PBXGroup;
			children = (
				255E656FE335FC4F25BAEE4B /* Pods-MRTStation.debug.xcconfig */,
				9D5758636518F9413945C56D /* Pods-MRTStation.release.xcconfig */,
			);
			name = Pods;
			sourceTree = "<group>";
		};
/* End PBXGroup section */

/* Begin PBXNativeTarget section */
		0467EC771CDB2C0F00960D6E /* MRTStation */ = {
			isa = PBXNativeTarget;
			buildConfigurationList = 0467EC8A1CDB2C0F00960D6E /* Build configuration list for PBXNativeTarget "MRTStation" */;
			buildPhases = (
				19A98B5A26F5D32ACDB81358 /* Check Pods Manifest.lock */,
				0467EC741CDB2C0F00960D6E /* Sources */,
				0467EC751CDB2C0F00960D6E /* Frameworks */,
				0467EC761CDB2C0F00960D6E /* Resources */,
				D3BAEC9E2FEFD2C4E03B6AC9 /* Embed Pods Frameworks */,
				D4806FED1360B5C2677C69C1 /* Copy Pods Resources */,
			);
			buildRules = (
			);
			dependencies = (
			);
			name = MRTStation;
			productName = MRTStation;
			productReference = 0467EC781CDB2C0F00960D6E /* MRTStation.app */;
			productType = "com.apple.product-type.application";
		};
/* End PBXNativeTarget section */

/* Begin PBXProject section */
		0467EC701CDB2C0F00960D6E /* Project object */ = {
			isa = PBXProject;
			attributes = {
				LastSwiftUpdateCheck = 0720;
				LastUpgradeCheck = 0720;
				ORGANIZATIONNAME = ssiang1627;
				TargetAttributes = {
					0467EC771CDB2C0F00960D6E = {
						CreatedOnToolsVersion = 7.2.1;
						DevelopmentTeam = QFZ2663XLK;
					};
				};
			};
			buildConfigurationList = 0467EC731CDB2C0F00960D6E /* Build configuration list for PBXProject "MRTStation" */;
			compatibilityVersion = "Xcode 3.2";
			developmentRegion = English;
			hasScannedForEncodings = 0;
			knownRegions = (
				en,
				Base,
			);
			mainGroup = 0467EC6F1CDB2C0F00960D6E;
			productRefGroup = 0467EC791CDB2C0F00960D6E /* Products */;
			projectDirPath = "";
			projectRoot = "";
			targets = (
				0467EC771CDB2C0F00960D6E /* MRTStation */,
			);
		};
/* End PBXProject section */

/* Begin PBXResourcesBuildPhase section */
		0467EC761CDB2C0F00960D6E /* Resources */ = {
			isa = PBXResourcesBuildPhase;
			buildActionMask = 2147483647;
			files = (
				0467EC861CDB2C0F00960D6E /* LaunchScreen.storyboard in Resources */,
				0467EC831CDB2C0F00960D6E /* Assets.xcassets in Resources */,
				0467EC811CDB2C0F00960D6E /* Main.storyboard in Resources */,
				0467EC8E1CDB4BAC00960D6E /* MRT.json in Resources */,
			);
			runOnlyForDeploymentPostprocessing = 0;
		};
/* End PBXResourcesBuildPhase section */

/* Begin PBXShellScriptBuildPhase section */
		19A98B5A26F5D32ACDB81358 /* Check Pods Manifest.lock */ = {
			isa = PBXShellScriptBuildPhase;
			buildActionMask = 2147483647;
			files = (
			);
			inputPaths = (
			);
			name = "Check Pods Manifest.lock";
			outputPaths = (
			);
			runOnlyForDeploymentPostprocessing = 0;
			shellPath = /bin/sh;
			shellScript = "diff \"${PODS_ROOT}/../Podfile.lock\" \"${PODS_ROOT}/Manifest.lock\" > /dev/null\nif [[ $? != 0 ]] ; then\n    cat << EOM\nerror: The sandbox is not in sync with the Podfile.lock. Run 'pod install' or update your CocoaPods installation.\nEOM\n    exit 1\nfi\n";
			showEnvVarsInLog = 0;
		};
		D3BAEC9E2FEFD2C4E03B6AC9 /* Embed Pods Frameworks */ = {
			isa = PBXShellScriptBuildPhase;
			buildActionMask = 2147483647;
			files = (
			);
			inputPaths = (
			);
			name = "Embed Pods Frameworks";
			outputPaths = (
			);
			runOnlyForDeploymentPostprocessing = 0;
			shellPath = /bin/sh;
			shellScript = "\"${SRCROOT}/Pods/Target Support Files/Pods-MRTStation/Pods-MRTStation-frameworks.sh\"\n";
			showEnvVarsInLog = 0;
		};
		D4806FED1360B5C2677C69C1 /* Copy Pods Resources */ = {
			isa = PBXShellScriptBuildPhase;
			buildActionMask = 2147483647;
			files = (
			);
			inputPaths = (
			);
			name = "Copy Pods Resources";
			outputPaths = (
			);
			runOnlyForDeploymentPostprocessing = 0;
			shellPath = /bin/sh;
			shellScript = "\"${SRCROOT}/Pods/Target Support Files/Pods-MRTStation/Pods-MRTStation-resources.sh\"\n";
			showEnvVarsInLog = 0;
		};
/* End PBXShellScriptBuildPhase section */

/* Begin PBXSourcesBuildPhase section */
		0467EC741CDB2C0F00960D6E /* Sources */ = {
			isa = PBXSourcesBuildPhase;
			buildActionMask = 2147483647;
			files = (
				0467EC7E1CDB2C0F00960D6E /* ViewController.swift in Sources */,
				0467EC7C1CDB2C0F00960D6E /* AppDelegate.swift in Sources */,
			);
			runOnlyForDeploymentPostprocessing = 0;
		};
/* End PBXSourcesBuildPhase section */

/* Begin PBXVariantGroup section */
		0467EC7F1CDB2C0F00960D6E /* Main.storyboard */ = {
			isa = PBXVariantGroup;
			children = (
				0467EC801CDB2C0F00960D6E /* Base */,
			);
			name = Main.storyboard;
			sourceTree = "<group>";
		};
		0467EC841CDB2C0F00960D6E /* LaunchScreen.storyboard */ = {
			isa = PBXVariantGroup;
			children = (
				0467EC851CDB2C0F00960D6E /* Base */,
			);
			name = LaunchScreen.storyboard;
			sourceTree = "<group>";
		};
/* End PBXVariantGroup section */

/* Begin XCBuildConfiguration section */
		0467EC881CDB2C0F00960D6E /* Debug */ = {
			isa = XCBuildConfiguration;
			buildSettings = {
				ALWAYS_SEARCH_USER_PATHS = NO;
				CLANG_CXX_LANGUAGE_STANDARD = "gnu++0x";
				CLANG_CXX_LIBRARY = "libc++";
				CLANG_ENABLE_MODULES = YES;
				CLANG_ENABLE_OBJC_ARC = YES;
				CLANG_WARN_BOOL_CONVERSION = YES;
				CLANG_WARN_CONSTANT_CONVERSION = YES;
				CLANG_WARN_DIRECT_OBJC_ISA_USAGE = YES_ERROR;
				CLANG_WARN_EMPTY_BODY = YES;
				CLANG_WARN_ENUM_CONVERSION = YES;
				CLANG_WARN_INT_CONVERSION = YES;
				CLANG_WARN_OBJC_ROOT_CLASS = YES_ERROR;
				CLANG_WARN_UNREACHABLE_CODE = YES;
				CLANG_WARN__DUPLICATE_METHOD_MATCH = YES;
				"CODE_SIGN_IDENTITY[sdk=iphoneos*]" = "iPhone Developer";
				COPY_PHASE_STRIP = NO;
				DEBUG_INFORMATION_FORMAT = dwarf;
				ENABLE_STRICT_OBJC_MSGSEND = YES;
				ENABLE_TESTABILITY = YES;
				GCC_C_LANGUAGE_STANDARD = gnu99;
				GCC_DYNAMIC_NO_PIC = NO;
				GCC_NO_COMMON_BLOCKS = YES;
				GCC_OPTIMIZATION_LEVEL = 0;
				GCC_PREPROCESSOR_DEFINITIONS = (
					"DEBUG=1",
					"$(inherited)",
				);
				GCC_WARN_64_TO_32_BIT_CONVERSION = YES;
				GCC_WARN_ABOUT_RETURN_TYPE = YES_ERROR;
				GCC_WARN_UNDECLARED_SELECTOR = YES;
				GCC_WARN_UNINITIALIZED_AUTOS = YES_AGGRESSIVE;
				GCC_WARN_UNUSED_FUNCTION = YES;
				GCC_WARN_UNUSED_VARIABLE = YES;
				IPHONEOS_DEPLOYMENT_TARGET = 9.2;
				MTL_ENABLE_DEBUG_INFO = YES;
				ONLY_ACTIVE_ARCH = YES;
				SDKROOT = iphoneos;
				SWIFT_OPTIMIZATION_LEVEL = "-Onone";
				TARGETED_DEVICE_FAMILY = "1,2";
			};
			name = Debug;
		};
		0467EC891CDB2C0F00960D6E /* Release */ = {
			isa = XCBuildConfiguration;
			buildSettings = {
				ALWAYS_SEARCH_USER_PATHS = NO;
				CLANG_CXX_LANGUAGE_STANDARD = "gnu++0x";
				CLANG_CXX_LIBRARY = "libc++";
				CLANG_ENABLE_MODULES = YES;
				CLANG_ENABLE_OBJC_ARC = YES;
				CLANG_WARN_BOOL_CONVERSION = YES;
				CLANG_WARN_CONSTANT_CONVERSION = YES;
				CLANG_WARN_DIRECT_OBJC_ISA_USAGE = YES_ERROR;
				CLANG_WARN_EMPTY_BODY = YES;
				CLANG_WARN_ENUM_CONVERSION = YES;
				CLANG_WARN_INT_CONVERSION = YES;
				CLANG_WARN_OBJC_ROOT_CLASS = YES_ERROR;
				CLANG_WARN_UNREACHABLE_CODE = YES;
				CLANG_WARN__DUPLICATE_METHOD_MATCH = YES;
				"CODE_SIGN_IDENTITY[sdk=iphoneos*]" = "iPhone Developer";
				COPY_PHASE_STRIP = NO;
				DEBUG_INFORMATION_FORMAT = "dwarf-with-dsym";
				ENABLE_NS_ASSERTIONS = NO;
				ENABLE_STRICT_OBJC_MSGSEND = YES;
				GCC_C_LANGUAGE_STANDARD = gnu99;
				GCC_NO_COMMON_BLOCKS = YES;
				GCC_WARN_64_TO_32_BIT_CONVERSION = YES;
				GCC_WARN_ABOUT_RETURN_TYPE = YES_ERROR;
				GCC_WARN_UNDECLARED_SELECTOR = YES;
				GCC_WARN_UNINITIALIZED_AUTOS = YES_AGGRESSIVE;
				GCC_WARN_UNUSED_FUNCTION = YES;
				GCC_WARN_UNUSED_VARIABLE = YES;
				IPHONEOS_DEPLOYMENT_TARGET = 9.2;
				MTL_ENABLE_DEBUG_INFO = NO;
				SDKROOT = iphoneos;
				TARGETED_DEVICE_FAMILY = "1,2";
				VALIDATE_PRODUCT = YES;
			};
			name = Release;
		};
		0467EC8B1CDB2C0F00960D6E /* Debug */ = {
			isa = XCBuildConfiguration;
			baseConfigurationReference = 255E656FE335FC4F25BAEE4B /* Pods-MRTStation.debug.xcconfig */;
			buildSettings = {
				ASSETCATALOG_COMPILER_APPICON_NAME = AppIcon;
				INFOPLIST_FILE = MRTStation/Info.plist;
				LD_RUNPATH_SEARCH_PATHS = "$(inherited) @executable_path/Frameworks";
				PRODUCT_BUNDLE_IDENTIFIER = com.ssiang1627.MRTStation;
				PRODUCT_NAME = "$(TARGET_NAME)";
			};
			name = Debug;
		};
		0467EC8C1CDB2C0F00960D6E /* Release */ = {
			isa = XCBuildConfiguration;
			baseConfigurationReference = 9D5758636518F9413945C56D /* Pods-MRTStation.release.xcconfig */;
			buildSettings = {
				ASSETCATALOG_COMPILER_APPICON_NAME = AppIcon;
				INFOPLIST_FILE = MRTStation/Info.plist;
				LD_RUNPATH_SEARCH_PATHS = "$(inherited) @executable_path/Frameworks";
				PRODUCT_BUNDLE_IDENTIFIER = com.ssiang1627.MRTStation;
				PRODUCT_NAME = "$(TARGET_NAME)";
			};
			name = Release;
		};
/* End XCBuildConfiguration section */

/* Begin XCConfigurationList section */
		0467EC731CDB2C0F00960D6E /* Build configuration list for PBXProject "MRTStation" */ = {
			isa = XCConfigurationList;
			buildConfigurations = (
				0467EC881CDB2C0F00960D6E /* Debug */,
				0467EC891CDB2C0F00960D6E /* Release */,
			);
			defaultConfigurationIsVisible = 0;
			defaultConfigurationName = Release;
		};
		0467EC8A1CDB2C0F00960D6E /* Build configuration list for PBXNativeTarget "MRTStation" */ = {
			isa = XCConfigurationList;
			buildConfigurations = (
				0467EC8B1CDB2C0F00960D6E /* Debug */,
				0467EC8C1CDB2C0F00960D6E /* Release */,
			);
			defaultConfigurationIsVisible = 0;
			defaultConfigurationName = Release;
		};
/* End XCConfigurationList section */
	};
	rootObject = 0467EC701CDB2C0F00960D6E /* Project object */;
}
